
Microsoft Visual Studio Solution File, Format Version 12.00
# Visual Studio Version 17
VisualStudioVersion = 17.0.31815.197
MinimumVisualStudioVersion = 10.0.40219.1
Project("{FAE04EC0-301F-11D3-BF4B-00C04F79EFBC}") = "chatik", "chatik\chatik.csproj", "{F116D3E1-59E5-424D-877C-37A5701E67E1}"
EndProject
Global
	GlobalSection(SolutionConfigurationPlatforms) = preSolution
		Debug|Any CPU = Debug|Any CPU
		Release|Any CPU = Release|Any CPU
	EndGlobalSection
	GlobalSection(ProjectConfigurationPlatforms) = postSolution
		{F116D3E1-59E5-424D-877C-37A5701E67E1}.Debug|Any CPU.ActiveCfg = Debug|Any CPU
		{F116D3E1-59E5-424D-877C-37A5701E67E1}.Debug|Any CPU.Build.0 = Debug|Any CPU
		{F116D3E1-59E5-424D-877C-37A5701E67E1}.Release|Any CPU.ActiveCfg = Release|Any CPU
		{F116D3E1-59E5-424D-877C-37A5701E67E1}.Release|Any CPU.Build.0 = Release|Any CPU
	EndGlobalSection
	GlobalSection(SolutionProperties) = preSolution
		HideSolutionNode = FALSE
	EndGlobalSection
	GlobalSection(ExtensibilityGlobals) = postSolution
		SolutionGuid = {4C3C19F3-FD04-474F-BDA5-EC39AD7B6E96}
	EndGlobalSection
EndGlobal
